
Microsoft Visual Studio Solution File, Format Version 12.00
# Visual Studio Version 16
VisualStudioVersion = 16.0.31105.61
MinimumVisualStudioVersion = 10.0.40219.1
Project("{9A19103F-16F7-4668-BE54-9A1E7A4F7556}") = "eShopSolution.WebApp", "eShopSolution.WebApp\eShopSolution.WebApp.csproj", "{E65C908E-4F89-4007-9D87-3482B6409CD9}"
EndProject
Project("{2150E333-8FDC-42A3-9474-1A3956D46DE8}") = "Solution Items", "Solution Items", "{B182974D-7FDD-4E28-A6A8-EA27A330F26C}"
	ProjectSection(SolutionItems) = preProject
		README.md = README.md
	EndProjectSection
EndProject
Global
	GlobalSection(SolutionConfigurationPlatforms) = preSolution
		Debug|Any CPU = Debug|Any CPU
		Release|Any CPU = Release|Any CPU
	EndGlobalSection
	GlobalSection(ProjectConfigurationPlatforms) = postSolution
		{E65C908E-4F89-4007-9D87-3482B6409CD9}.Debug|Any CPU.ActiveCfg = Debug|Any CPU
		{E65C908E-4F89-4007-9D87-3482B6409CD9}.Debug|Any CPU.Build.0 = Debug|Any CPU
		{E65C908E-4F89-4007-9D87-3482B6409CD9}.Release|Any CPU.ActiveCfg = Release|Any CPU
		{E65C908E-4F89-4007-9D87-3482B6409CD9}.Release|Any CPU.Build.0 = Release|Any CPU
	EndGlobalSection
	GlobalSection(SolutionProperties) = preSolution
		HideSolutionNode = FALSE
	EndGlobalSection
	GlobalSection(ExtensibilityGlobals) = postSolution
		SolutionGuid = {93FF133B-0A4B-419D-B808-D159BF8DCF76}
	EndGlobalSection
EndGlobal
